PODS:
  - MoEngage-iOS-SDK (7.0.4):
    - MORichNotification (< 5.1.0, >= 5.0.0)
  - MORichNotification (5.0.1)

DEPENDENCIES:
  - MoEngage-iOS-SDK (~> 7.0)

SPEC REPOS:
  trunk:
    - MoEngage-iOS-SDK
    - MORichNotification

SPEC CHECKSUMS:
  MoEngage-iOS-SDK: 71451fb44893536b0c70ff7dace1989e6fa734ff
  MORichNotification: 989d5ccdd71ae7c7d07af689d9b7afcf8ed25234

PODFILE CHECKSUM: c1b8050831098c6c60a2dc062d7e720c1cd677c2

COCOAPODS: 1.10.2
